
Microsoft Visual Studio Solution File, Format Version 12.00
# Visual Studio Version 17
VisualStudioVersion = 17.0.32112.339
MinimumVisualStudioVersion = 10.0.40219.1
Project("{FAE04EC0-301F-11D3-BF4B-00C04F79EFBC}") = "ClientApp", "ClientApp\ClientApp.csproj", "{E16C3F4D-A8BA-4392-907E-2DC35886346F}"
EndProject
Project("{FAE04EC0-301F-11D3-BF4B-00C04F79EFBC}") = "ApiService", "ApiService\ApiService.csproj", "{9AFD9F0A-8BFD-43A9-B967-C63E8BE84C6B}"
EndProject
Global
	GlobalSection(SolutionConfigurationPlatforms) = preSolution
		Debug|Any CPU = Debug|Any CPU
		Release|Any CPU = Release|Any CPU
	EndGlobalSection
	GlobalSection(ProjectConfigurationPlatforms) = postSolution
		{E16C3F4D-A8BA-4392-907E-2DC35886346F}.Debug|Any CPU.ActiveCfg = Debug|Any CPU
		{E16C3F4D-A8BA-4392-907E-2DC35886346F}.Debug|Any CPU.Build.0 = Debug|Any CPU
		{E16C3F4D-A8BA-4392-907E-2DC35886346F}.Release|Any CPU.ActiveCfg = Release|Any CPU
		{E16C3F4D-A8BA-4392-907E-2DC35886346F}.Release|Any CPU.Build.0 = Release|Any CPU
		{9AFD9F0A-8BFD-43A9-B967-C63E8BE84C6B}.Debug|Any CPU.ActiveCfg = Debug|Any CPU
		{9AFD9F0A-8BFD-43A9-B967-C63E8BE84C6B}.Debug|Any CPU.Build.0 = Debug|Any CPU
		{9AFD9F0A-8BFD-43A9-B967-C63E8BE84C6B}.Release|Any CPU.ActiveCfg = Release|Any CPU
		{9AFD9F0A-8BFD-43A9-B967-C63E8BE84C6B}.Release|Any CPU.Build.0 = Release|Any CPU
	EndGlobalSection
	GlobalSection(SolutionProperties) = preSolution
		HideSolutionNode = FALSE
	EndGlobalSection
	GlobalSection(ExtensibilityGlobals) = postSolution
		SolutionGuid = {AFF4A7FC-1007-425B-9F82-14F660CF72B7}
	EndGlobalSection
EndGlobal
